<?xml version="1.0" encoding="utf-8"?>
<Project ToolsVersion="4.0" xmlns="http://schemas.microsoft.com/developer/msbuild/2003">
  <ItemGroup>
    <Filter Include="Source Files">
      <UniqueIdentifier>{4FC737F1-C7A5-4376-A066-2A32D752A2FF}</UniqueIdentifier>
      <Extensions>cpp;c;cc;cxx;c++;cppm;ixx;def;odl;idl;hpj;bat;asm;asmx</Extensions>
    </Filter>
    <Filter Include="Header Files">
      <UniqueIdentifier>{93995380-89BD-4b04-88EB-625FBE52EBFB}</UniqueIdentifier>
      <Extensions>h;hh;hpp;hxx;h++;hm;inl;inc;ipp;xsd</Extensions>
    </Filter>
    <Filter Include="Resource Files">
      <UniqueIdentifier>{67DA6AB6-F800-4c08-8B7A-83BB121AAD01}</UniqueIdentifier>
      <Extensions>rc;ico;cur;bmp;dlg;rc2;rct;bin;rgs;gif;jpg;jpeg;jpe;resx;tiff;tif;png;wav;mfcribbon-ms</Extensions>
    </Filter>
    <Filter Include="Header Files\SDL_Game">
      <UniqueIdentifier>{5ebaa42c-c740-4b5f-b0a7-3b0b9ea5ac98}</UniqueIdentifier>
    </Filter>
    <Filter Include="Header Files\SDL_Game\GameObject">
      <UniqueIdentifier>{ba43f995-8638-4fc7-bb73-45c1f2214ebe}</UniqueIdentifier>
    </Filter>
    <Filter Include="Header Files\SDL_Game\Defines">
      <UniqueIdentifier>{56a2375f-57c4-4f9e-9b1c-243ae1842158}</UniqueIdentifier>
    </Filter>
    <Filter Include="Header Files\SDL_Game\Components">
      <UniqueIdentifier>{842e487d-7b2d-49ef-b185-28b24a8981aa}</UniqueIdentifier>
    </Filter>
    <Filter Include="Header Files\SDL_Game\GameObject\Struct">
      <UniqueIdentifier>{4dd69b5c-51b6-4981-bd02-35fb17954d3c}</UniqueIdentifier>
    </Filter>
    <Filter Include="Header Files\SDL_Game\Virtual">
      <UniqueIdentifier>{3b5ccf4f-1fd2-4be7-9eae-cf7006f3fe33}</UniqueIdentifier>
    </Filter>
    <Filter Include="Header Files\SDL_Game\States">
      <UniqueIdentifier>{7798e878-cf8d-4184-a221-b00606e4a983}</UniqueIdentifier>
    </Filter>
    <Filter Include="Header Files\SDL_Game\States\Game_Platformer">
      <UniqueIdentifier>{8a2b3e85-b3ca-405e-985b-5c85e88c450b}</UniqueIdentifier>
    </Filter>
    <Filter Include="Source Files\SDL_Game">
      <UniqueIdentifier>{53ce87d5-1cd1-4930-80cd-42117590496b}</UniqueIdentifier>
    </Filter>
    <Filter Include="Source Files\SDL_Game\Components">
      <UniqueIdentifier>{db514d7d-de73-4894-b231-0ed3a9ddf5e5}</UniqueIdentifier>
    </Filter>
    <Filter Include="Source Files\SDL_Game\GameObject">
      <UniqueIdentifier>{d0c9273b-b806-4fdd-a421-7faad08ae7e1}</UniqueIdentifier>
    </Filter>
    <Filter Include="Header Files\SDL_Game\States\Game_Platformer\Scenes">
      <UniqueIdentifier>{cd52076d-2df7-459b-b24a-a4a783bb0262}</UniqueIdentifier>
    </Filter>
    <Filter Include="Source Files\SDL_Game\States">
      <UniqueIdentifier>{f159d5c9-d361-4a3d-9eed-509447a07f3f}</UniqueIdentifier>
    </Filter>
    <Filter Include="Source Files\SDL_Game\States\Game_Platformer">
      <UniqueIdentifier>{7693bcdf-5328-4bf3-be0c-f3aa852a85e6}</UniqueIdentifier>
    </Filter>
    <Filter Include="Source Files\SDL_Game\States\Game_Platformer\Scenes">
      <UniqueIdentifier>{7b44c75e-4ce9-46d0-a340-1135737e9bf1}</UniqueIdentifier>
    </Filter>
    <Filter Include="Header Files\SDL_Game\States\Game_Platformer\UI">
      <UniqueIdentifier>{dda6e73a-bfa6-41bd-87c1-d391b1974482}</UniqueIdentifier>
    </Filter>
    <Filter Include="Source Files\SDL_Game\States\Game_Platformer\UI">
      <UniqueIdentifier>{6437f9a9-67a2-42c8-ab0a-59ecc8e90ead}</UniqueIdentifier>
    </Filter>
  </ItemGroup>
  <ItemGroup>
    <ClCompile Include="Main.cpp">
      <Filter>Source Files</Filter>
    </ClCompile>
    <ClCompile Include="PlayerObject.cpp">
      <Filter>Source Files\SDL_Game\GameObject</Filter>
    </ClCompile>
    <ClCompile Include="ImageObject.cpp">
      <Filter>Source Files\SDL_Game\GameObject</Filter>
    </ClCompile>
    <ClCompile Include="EnemyObject.cpp">
      <Filter>Source Files\SDL_Game\GameObject</Filter>
    </ClCompile>
    <ClCompile Include="AnimationComponent.cpp">
      <Filter>Source Files\SDL_Game\Components</Filter>
    </ClCompile>
    <ClCompile Include="ImageComponent.cpp">
      <Filter>Source Files\SDL_Game\Components</Filter>
    </ClCompile>
    <ClCompile Include="ColliderComponent.cpp">
      <Filter>Source Files\SDL_Game\Components</Filter>
    </ClCompile>
    <ClCompile Include="MovingComponent.cpp">
      <Filter>Source Files\SDL_Game\Components</Filter>
    </ClCompile>
    <ClCompile Include="MainMenu.cpp">
      <Filter>Source Files\SDL_Game\States\Game_Platformer\Scenes</Filter>
    </ClCompile>
    <ClCompile Include="CollisionReferee.cpp">
      <Filter>Source Files\SDL_Game\Components</Filter>
    </ClCompile>
    <ClCompile Include="GameDemo.cpp">
      <Filter>Source Files\SDL_Game</Filter>
    </ClCompile>
    <ClCompile Include="Platformer.cpp">
      <Filter>Source Files\SDL_Game\States\Game_Platformer</Filter>
    </ClCompile>
    <ClCompile Include="TiledMap.cpp">
      <Filter>Source Files\SDL_Game\States\Game_Platformer</Filter>
    </ClCompile>
    <ClCompile Include="Stage01.cpp">
      <Filter>Source Files\SDL_Game\States\Game_Platformer\Scenes</Filter>
    </ClCompile>
    <ClCompile Include="ButtonObject.cpp">
      <Filter>Source Files\SDL_Game\GameObject</Filter>
    </ClCompile>
    <ClCompile Include="Textures.cpp">
      <Filter>Source Files\SDL_Game</Filter>
    </ClCompile>
    <ClCompile Include="WinScreen.cpp">
      <Filter>Source Files\SDL_Game\States\Game_Platformer\Scenes</Filter>
    </ClCompile>
    <ClCompile Include="LossScreen.cpp">
      <Filter>Source Files\SDL_Game\States\Game_Platformer\Scenes</Filter>
    </ClCompile>
    <ClCompile Include="TextComponent.cpp">
      <Filter>Source Files\SDL_Game\Components</Filter>
    </ClCompile>
    <ClCompile Include="UIObject.cpp">
      <Filter>Source Files\SDL_Game\GameObject</Filter>
    </ClCompile>
    <ClCompile Include="ImageActionComponent.cpp">
      <Filter>Source Files\SDL_Game\Components</Filter>
    </ClCompile>
    <ClCompile Include="Fonts.cpp">
      <Filter>Source Files\SDL_Game</Filter>
    </ClCompile>
    <ClCompile Include="TextObject.cpp">
      <Filter>Source Files\SDL_Game\GameObject</Filter>
    </ClCompile>
    <ClCompile Include="CreditsScene.cpp">
      <Filter>Source Files\SDL_Game\States\Game_Platformer\Scenes</Filter>
    </ClCompile>
    <ClCompile Include="InGameUI.cpp">
      <Filter>Source Files\SDL_Game\States\Game_Platformer\UI</Filter>
    </ClCompile>
    <ClCompile Include="MainMenuUI.cpp">
      <Filter>Source Files\SDL_Game\States\Game_Platformer\UI</Filter>
    </ClCompile>
    <ClCompile Include="SoundTest.cpp">
      <Filter>Source Files</Filter>
    </ClCompile>
  </ItemGroup>
  <ItemGroup>
    <ClInclude Include="PlayerObject.h">
      <Filter>Header Files\SDL_Game\GameObject</Filter>
    </ClInclude>
    <ClInclude Include="ImageObject.h">
      <Filter>Header Files\SDL_Game\GameObject</Filter>
    </ClInclude>
    <ClInclude Include="EnemyObject.h">
      <Filter>Header Files\SDL_Game\GameObject</Filter>
    </ClInclude>
    <ClInclude Include="AnimationComponent.h">
      <Filter>Header Files\SDL_Game\Components</Filter>
    </ClInclude>
    <ClInclude Include="ImageComponent.h">
      <Filter>Header Files\SDL_Game\Components</Filter>
    </ClInclude>
    <ClInclude Include="ColliderComponent.h">
      <Filter>Header Files\SDL_Game\Components</Filter>
    </ClInclude>
    <ClInclude Include="Vector2.h">
      <Filter>Header Files\SDL_Game\GameObject\Struct</Filter>
    </ClInclude>
    <ClInclude Include="Defines.h">
      <Filter>Header Files\SDL_Game\Defines</Filter>
    </ClInclude>
    <ClInclude Include="GameSetting.h">
      <Filter>Header Files\SDL_Game\Defines</Filter>
    </ClInclude>
    <ClInclude Include="MovingComponent.h">
      <Filter>Header Files\SDL_Game\Components</Filter>
    </ClInclude>
    <ClInclude Include="MainMenu.h">
      <Filter>Header Files\SDL_Game\States\Game_Platformer\Scenes</Filter>
    </ClInclude>
    <ClInclude Include="CollisionReferee.h">
      <Filter>Header Files\SDL_Game\Components</Filter>
    </ClInclude>
    <ClInclude Include="GameDemo.h">
      <Filter>Header Files\SDL_Game</Filter>
    </ClInclude>
    <ClInclude Include="Status.h">
      <Filter>Header Files\SDL_Game\GameObject\Struct</Filter>
    </ClInclude>
    <ClInclude Include="GameObject.h">
      <Filter>Header Files\SDL_Game\Virtual</Filter>
    </ClInclude>
    <ClInclude Include="GameState.h">
      <Filter>Header Files\SDL_Game\Virtual</Filter>
    </ClInclude>
    <ClInclude Include="GameStateMachine.h">
      <Filter>Header Files\SDL_Game\Virtual</Filter>
    </ClInclude>
    <ClInclude Include="Platformer.h">
      <Filter>Header Files\SDL_Game\States\Game_Platformer</Filter>
    </ClInclude>
    <ClInclude Include="TiledMap.h">
      <Filter>Header Files\SDL_Game\States\Game_Platformer</Filter>
    </ClInclude>
    <ClInclude Include="ObjectType.h">
      <Filter>Header Files\SDL_Game\GameObject\Struct</Filter>
    </ClInclude>
    <ClInclude Include="Stage01.h">
      <Filter>Header Files\SDL_Game\States\Game_Platformer\Scenes</Filter>
    </ClInclude>
    <ClInclude Include="ButtonObject.h">
      <Filter>Header Files\SDL_Game\GameObject</Filter>
    </ClInclude>
    <ClInclude Include="ImageDirectory.h">
      <Filter>Header Files\SDL_Game\Defines</Filter>
    </ClInclude>
    <ClInclude Include="ButtonType.h">
      <Filter>Header Files\SDL_Game\GameObject\Struct</Filter>
    </ClInclude>
    <ClInclude Include="Textures.h">
      <Filter>Header Files\SDL_Game</Filter>
    </ClInclude>
    <ClInclude Include="WinScreen.h">
      <Filter>Header Files\SDL_Game\States\Game_Platformer\Scenes</Filter>
    </ClInclude>
    <ClInclude Include="LossScreen.h">
      <Filter>Header Files\SDL_Game\States\Game_Platformer\Scenes</Filter>
    </ClInclude>
    <ClInclude Include="TextComponent.h">
      <Filter>Header Files\SDL_Game\Components</Filter>
    </ClInclude>
    <ClInclude Include="UIObject.h">
      <Filter>Header Files\SDL_Game\GameObject</Filter>
    </ClInclude>
    <ClInclude Include="ImageActionComponent.h">
      <Filter>Header Files\SDL_Game\Components</Filter>
    </ClInclude>
    <ClInclude Include="TextObject.h">
      <Filter>Header Files\SDL_Game\GameObject</Filter>
    </ClInclude>
    <ClInclude Include="CreditsScene.h">
      <Filter>Header Files\SDL_Game\States\Game_Platformer\Scenes</Filter>
    </ClInclude>
    <ClInclude Include="UIInterface.h">
      <Filter>Header Files\SDL_Game\Virtual</Filter>
    </ClInclude>
    <ClInclude Include="InGameUI.h">
      <Filter>Header Files\SDL_Game\States\Game_Platformer\UI</Filter>
    </ClInclude>
    <ClInclude Include="MainMenuUI.h">
      <Filter>Header Files\SDL_Game\States\Game_Platformer\UI</Filter>
    </ClInclude>
    <ClInclude Include="Fonts.h">
      <Filter>Header Files\SDL_Game</Filter>
    </ClInclude>
    <ClInclude Include="SoundDirectory.h">
      <Filter>Header Files\SDL_Game\Defines</Filter>
    </ClInclude>
    <ClInclude Include="SoundTest.h">
      <Filter>Header Files</Filter>
    </ClInclude>
  </ItemGroup>
</Project>